// !$*UTF8*$!
{
	archiveVersion = 1;
	classes = {
	};
	objectVersion = 56;
	objects = {

/* Begin PBXBuildFile section */
		53A5C8FF29F837B30091AF8D /* CoffeeIntroductionApp.swift in Sources */ = {isa = PBXBuildFile; fileRef = 53A5C8FE29F837B30091AF8D /* CoffeeIntroductionApp.swift */; };
		53A5C90129F837B30091AF8D /* ContentView.swift in Sources */ = {isa = PBXBuildFile; fileRef = 53A5C90029F837B30091AF8D /* ContentView.swift */; };
		53A5C90329F837B40091AF8D /* Assets.xcassets in Resources */ = {isa = PBXBuildFile; fileRef = 53A5C90229F837B40091AF8D /* Assets.xcassets */; };
		53A5C90629F837B40091AF8D /* Preview Assets.xcassets in Resources */ = {isa = PBXBuildFile; fileRef = 53A5C90529F837B40091AF8D /* Preview Assets.xcassets */; };
		53A5C90D29F838A90091AF8D /* Coffee.swift in Sources */ = {isa = PBXBuildFile; fileRef = 53A5C90C29F838A90091AF8D /* Coffee.swift */; };
		53A5C90F29F839570091AF8D /* CoffeeStore.swift in Sources */ = {isa = PBXBuildFile; fileRef = 53A5C90E29F839570091AF8D /* CoffeeStore.swift */; };
		53A5C91129F83F950091AF8D /* DetailView.swift in Sources */ = {isa = PBXBuildFile; fileRef = 53A5C91029F83F950091AF8D /* DetailView.swift */; };
		53A5C91329F8FA920091AF8D /* AddPage.swift in Sources */ = {isa = PBXBuildFile; fileRef = 53A5C91229F8FA920091AF8D /* AddPage.swift */; };
		53A5C91729F966BD0091AF8D /* SearchBar.swift in Sources */ = {isa = PBXBuildFile; fileRef = 53A5C91629F966BD0091AF8D /* SearchBar.swift */; };
/* End PBXBuildFile section */

/* Begin PBXFileReference section */
		53A5C8FB29F837B30091AF8D /* CoffeeIntroduction.app */ = {isa = PBXFileReference; explicitFileType = wrapper.application; includeInIndex = 0; path = CoffeeIntroduction.app; sourceTree = BUILT_PRODUCTS_DIR; };
		53A5C8FE29F837B30091AF8D /* CoffeeIntroductionApp.swift */ = {isa = PBXFileReference; lastKnownFileType = sourcecode.swift; path = CoffeeIntroductionApp.swift; sourceTree = "<group>"; };
		53A5C90029F837B30091AF8D /* ContentView.swift */ = {isa = PBXFileReference; lastKnownFileType = sourcecode.swift; path = ContentView.swift; sourceTree = "<group>"; };
		53A5C90229F837B40091AF8D /* Assets.xcassets */ = {isa = PBXFileReference; lastKnownFileType = folder.assetcatalog; path = Assets.xcassets; sourceTree = "<group>"; };
		53A5C90529F837B40091AF8D /* Preview Assets.xcassets */ = {isa = PBXFileReference; lastKnownFileType = folder.assetcatalog; path = "Preview Assets.xcassets"; sourceTree = "<group>"; };
		53A5C90C29F838A90091AF8D /* Coffee.swift */ = {isa = PBXFileReference; lastKnownFileType = sourcecode.swift; path = Coffee.swift; sourceTree = "<group>"; };
		53A5C90E29F839570091AF8D /* CoffeeStore.swift */ = {isa = PBXFileReference; lastKnownFileType = sourcecode.swift; path = CoffeeStore.swift; sourceTree = "<group>"; };
		53A5C91029F83F950091AF8D /* DetailView.swift */ = {isa = PBXFileReference; lastKnownFileType = sourcecode.swift; path = DetailView.swift; sourceTree = "<group>"; };
		53A5C91229F8FA920091AF8D /* AddPage.swift */ = {isa = PBXFileReference; lastKnownFileType = sourcecode.swift; path = AddPage.swift; sourceTree = "<group>"; };
		53A5C91629F966BD0091AF8D /* SearchBar.swift */ = {isa = PBXFileReference; lastKnownFileType = sourcecode.swift; path = SearchBar.swift; sourceTree = "<group>"; };
/* End PBXFileReference section */

/* Begin PBXFrameworksBuildPhase section */
		53A5C8F829F837B30091AF8D /* Frameworks */ = {
			isa = PBXFrameworksBuildPhase;
			buildActionMask = 2147483647;
			files = (
			);
			runOnlyForDeploymentPostprocessing = 0;
		};
/* End PBXFrameworksBuildPhase section */

/* Begin PBXGroup section */
		53A5C8F229F837B30091AF8D = {
			isa = PBXGroup;
			children = (
				53A5C8FD29F837B30091AF8D /* CoffeeIntroduction */,
				53A5C8FC29F837B30091AF8D /* Products */,
			);
			sourceTree = "<group>";
		};
		53A5C8FC29F837B30091AF8D /* Products */ = {
			isa = PBXGroup;
			children = (
				53A5C8FB29F837B30091AF8D /* CoffeeIntroduction.app */,
			);
			name = Products;
			sourceTree = "<group>";
		};
		53A5C8FD29F837B30091AF8D /* CoffeeIntroduction */ = {
			isa = PBXGroup;
			children = (
				53A5C8FE29F837B30091AF8D /* CoffeeIntroductionApp.swift */,
				53A5C90029F837B30091AF8D /* ContentView.swift */,
				53A5C91629F966BD0091AF8D /* SearchBar.swift */,
				53A5C91229F8FA920091AF8D /* AddPage.swift */,
				53A5C91029F83F950091AF8D /* DetailView.swift */,
				53A5C90229F837B40091AF8D /* Assets.xcassets */,
				53A5C90C29F838A90091AF8D /* Coffee.swift */,
				53A5C90E29F839570091AF8D /* CoffeeStore.swift */,
				53A5C90429F837B40091AF8D /* Preview Content */,
			);
			path = CoffeeIntroduction;
			sourceTree = "<group>";
		};
		53A5C90429F837B40091AF8D /* Preview Content */ = {
			isa = PBXGroup;
			children = (
				53A5C90529F837B40091AF8D /* Preview Assets.xcassets */,
			);
			path = "Preview Content";
			sourceTree = "<group>";
		};
/* End PBXGroup section */

/* Begin PBXNativeTarget section */
		53A5C8FA29F837B30091AF8D /* CoffeeIntroduction */ = {
			isa = PBXNativeTarget;
			buildConfigurationList = 53A5C90929F837B40091AF8D /* Build configuration list for PBXNativeTarget "CoffeeIntroduction" */;
			buildPhases = (
				53A5C8F729F837B30091AF8D /* Sources */,
				53A5C8F829F837B30091AF8D /* Frameworks */,
				53A5C8F929F837B30091AF8D /* Resources */,
			);
			buildRules = (
			);
			dependencies = (
			);
			name = CoffeeIntroduction;
			productName = CoffeeIntroduction;
			productReference = 53A5C8FB29F837B30091AF8D /* CoffeeIntroduction.app */;
			productType = "com.apple.product-type.application";
		};
/* End PBXNativeTarget section */

/* Begin PBXProject section */
		53A5C8F329F837B30091AF8D /* Project object */ = {
			isa = PBXProject;
			attributes = {
				BuildIndependentTargetsInParallel = 1;
				LastSwiftUpdateCheck = 1430;
				LastUpgradeCheck = 1430;
				TargetAttributes = {
					53A5C8FA29F837B30091AF8D = {
						CreatedOnToolsVersion = 14.3;
					};
				};
			};
			buildConfigurationList = 53A5C8F629F837B30091AF8D /* Build configuration list for PBXProject "CoffeeIntroduction" */;
			compatibilityVersion = "Xcode 14.0";
			developmentRegion = en;
			hasScannedForEncodings = 0;
			knownRegions = (
				en,
				Base,
			);
			mainGroup = 53A5C8F229F837B30091AF8D;
			productRefGroup = 53A5C8FC29F837B30091AF8D /* Products */;
			projectDirPath = "";
			projectRoot = "";
			targets = (
				53A5C8FA29F837B30091AF8D /* CoffeeIntroduction */,
			);
		};
/* End PBXProject section */

/* Begin PBXResourcesBuildPhase section */
		53A5C8F929F837B30091AF8D /* Resources */ = {
			isa = PBXResourcesBuildPhase;
			buildActionMask = 2147483647;
			files = (
				53A5C90629F837B40091AF8D /* Preview Assets.xcassets in Resources */,
				53A5C90329F837B40091AF8D /* Assets.xcassets in Resources */,
			);
			runOnlyForDeploymentPostprocessing = 0;
		};
/* End PBXResourcesBuildPhase section */

/* Begin PBXSourcesBuildPhase section */
		53A5C8F729F837B30091AF8D /* Sources */ = {
			isa = PBXSourcesBuildPhase;
			buildActionMask = 2147483647;
			files = (
				53A5C91729F966BD0091AF8D /* SearchBar.swift in Sources */,
				53A5C90129F837B30091AF8D /* ContentView.swift in Sources */,
				53A5C90F29F839570091AF8D /* CoffeeStore.swift in Sources */,
				53A5C8FF29F837B30091AF8D /* CoffeeIntroductionApp.swift in Sources */,
				53A5C91129F83F950091AF8D /* DetailView.swift in Sources */,
				53A5C91329F8FA920091AF8D /* AddPage.swift in Sources */,
				53A5C90D29F838A90091AF8D /* Coffee.swift in Sources */,
			);
			runOnlyForDeploymentPostprocessing = 0;
		};
/* End PBXSourcesBuildPhase section */

/* Begin XCBuildConfiguration section */
		53A5C90729F837B40091AF8D /* Debug */ = {
			isa = XCBuildConfiguration;
			buildSettings = {
				ALWAYS_SEARCH_USER_PATHS = NO;
				CLANG_ANALYZER_NONNULL = YES;
				CLANG_ANALYZER_NUMBER_OBJECT_CONVERSION = YES_AGGRESSIVE;
				CLANG_CXX_LANGUAGE_STANDARD = "gnu++20";
				CLANG_ENABLE_MODULES = YES;
				CLANG_ENABLE_OBJC_ARC = YES;
				CLANG_ENABLE_OBJC_WEAK = YES;
				CLANG_WARN_BLOCK_CAPTURE_AUTORELEASING = YES;
				CLANG_WARN_BOOL_CONVERSION = YES;
				CLANG_WARN_COMMA = YES;
				CLANG_WARN_CONSTANT_CONVERSION = YES;
				CLANG_WARN_DEPRECATED_OBJC_IMPLEMENTATIONS = YES;
				CLANG_WARN_DIRECT_OBJC_ISA_USAGE = YES_ERROR;
				CLANG_WARN_DOCUMENTATION_COMMENTS = YES;
				CLANG_WARN_EMPTY_BODY = YES;
				CLANG_WARN_ENUM_CONVERSION = YES;
				CLANG_WARN_INFINITE_RECURSION = YES;
				CLANG_WARN_INT_CONVERSION = YES;
				CLANG_WARN_NON_LITERAL_NULL_CONVERSION = YES;
				CLANG_WARN_OBJC_IMPLICIT_RETAIN_SELF = YES;
				CLANG_WARN_OBJC_LITERAL_CONVERSION = YES;
				CLANG_WARN_OBJC_ROOT_CLASS = YES_ERROR;
				CLANG_WARN_QUOTED_INCLUDE_IN_FRAMEWORK_HEADER = YES;
				CLANG_WARN_RANGE_LOOP_ANALYSIS = YES;
				CLANG_WARN_STRICT_PROTOTYPES = YES;
				CLANG_WARN_SUSPICIOUS_MOVE = YES;
				CLANG_WARN_UNGUARDED_AVAILABILITY = YES_AGGRESSIVE;
				CLANG_WARN_UNREACHABLE_CODE = YES;
				CLANG_WARN__DUPLICATE_METHOD_MATCH = YES;
				COPY_PHASE_STRIP = NO;
				DEBUG_INFORMATION_FORMAT = dwarf;
				ENABLE_STRICT_OBJC_MSGSEND = YES;
				ENABLE_TESTABILITY = YES;
				GCC_C_LANGUAGE_STANDARD = gnu11;
				GCC_DYNAMIC_NO_PIC = NO;
				GCC_NO_COMMON_BLOCKS = YES;
				GCC_OPTIMIZATION_LEVEL = 0;
				GCC_PREPROCESSOR_DEFINITIONS = (
					"DEBUG=1",
					"$(inherited)",
				);
				GCC_WARN_64_TO_32_BIT_CONVERSION = YES;
				GCC_WARN_ABOUT_RETURN_TYPE = YES_ERROR;
				GCC_WARN_UNDECLARED_SELECTOR = YES;
				GCC_WARN_UNINITIALIZED_AUTOS = YES_AGGRESSIVE;
				GCC_WARN_UNUSED_FUNCTION = YES;
				GCC_WARN_UNUSED_VARIABLE = YES;
				IPHONEOS_DEPLOYMENT_TARGET = 16.4;
				MTL_ENABLE_DEBUG_INFO = INCLUDE_SOURCE;
				MTL_FAST_MATH = YES;
				ONLY_ACTIVE_ARCH = YES;
				SDKROOT = iphoneos;
				SWIFT_ACTIVE_COMPILATION_CONDITIONS = DEBUG;
				SWIFT_OPTIMIZATION_LEVEL = "-Onone";
			};
			name = Debug;
		};
		53A5C90829F837B40091AF8D /* Release */ = {
			isa = XCBuildConfiguration;
			buildSettings = {
				ALWAYS_SEARCH_USER_PATHS = NO;
				CLANG_ANALYZER_NONNULL = YES;
				CLANG_ANALYZER_NUMBER_OBJECT_CONVERSION = YES_AGGRESSIVE;
				CLANG_CXX_LANGUAGE_STANDARD = "gnu++20";
				CLANG_ENABLE_MODULES = YES;
				CLANG_ENABLE_OBJC_ARC = YES;
				CLANG_ENABLE_OBJC_WEAK = YES;
				CLANG_WARN_BLOCK_CAPTURE_AUTORELEASING = YES;
				CLANG_WARN_BOOL_CONVERSION = YES;
				CLANG_WARN_COMMA = YES;
				CLANG_WARN_CONSTANT_CONVERSION = YES;
				CLANG_WARN_DEPRECATED_OBJC_IMPLEMENTATIONS = YES;
				CLANG_WARN_DIRECT_OBJC_ISA_USAGE = YES_ERROR;
				CLANG_WARN_DOCUMENTATION_COMMENTS = YES;
				CLANG_WARN_EMPTY_BODY = YES;
				CLANG_WARN_ENUM_CONVERSION = YES;
				CLANG_WARN_INFINITE_RECURSION = YES;
				CLANG_WARN_INT_CONVERSION = YES;
				CLANG_WARN_NON_LITERAL_NULL_CONVERSION = YES;
				CLANG_WARN_OBJC_IMPLICIT_RETAIN_SELF = YES;
				CLANG_WARN_OBJC_LITERAL_CONVERSION = YES;
				CLANG_WARN_OBJC_ROOT_CLASS = YES_ERROR;
				CLANG_WARN_QUOTED_INCLUDE_IN_FRAMEWORK_HEADER = YES;
				CLANG_WARN_RANGE_LOOP_ANALYSIS = YES;
				CLANG_WARN_STRICT_PROTOTYPES = YES;
				CLANG_WARN_SUSPICIOUS_MOVE = YES;
				CLANG_WARN_UNGUARDED_AVAILABILITY = YES_AGGRESSIVE;
				CLANG_WARN_UNREACHABLE_CODE = YES;
				CLANG_WARN__DUPLICATE_METHOD_MATCH = YES;
				COPY_PHASE_STRIP = NO;
				DEBUG_INFORMATION_FORMAT = "dwarf-with-dsym";
				ENABLE_NS_ASSERTIONS = NO;
				ENABLE_STRICT_OBJC_MSGSEND = YES;
				GCC_C_LANGUAGE_STANDARD = gnu11;
				GCC_NO_COMMON_BLOCKS = YES;
				GCC_WARN_64_TO_32_BIT_CONVERSION = YES;
				GCC_WARN_ABOUT_RETURN_TYPE = YES_ERROR;
				GCC_WARN_UNDECLARED_SELECTOR = YES;
				GCC_WARN_UNINITIALIZED_AUTOS = YES_AGGRESSIVE;
				GCC_WARN_UNUSED_FUNCTION = YES;
				GCC_WARN_UNUSED_VARIABLE = YES;
				IPHONEOS_DEPLOYMENT_TARGET = 16.4;
				MTL_ENABLE_DEBUG_INFO = NO;
				MTL_FAST_MATH = YES;
				SDKROOT = iphoneos;
				SWIFT_COMPILATION_MODE = wholemodule;
				SWIFT_OPTIMIZATION_LEVEL = "-O";
				VALIDATE_PRODUCT = YES;
			};
			name = Release;
		};
		53A5C90A29F837B40091AF8D /* Debug */ = {
			isa = XCBuildConfiguration;
			buildSettings = {
				ASSETCATALOG_COMPILER_APPICON_NAME = AppIcon;
				ASSETCATALOG_COMPILER_GLOBAL_ACCENT_COLOR_NAME = AccentColor;
				CODE_SIGN_STYLE = Automatic;
				CURRENT_PROJECT_VERSION = 1;
				DEVELOPMENT_ASSET_PATHS = "\"CoffeeIntroduction/Preview Content\"";
				DEVELOPMENT_TEAM = 977J65FA28;
				ENABLE_PREVIEWS = YES;
				GENERATE_INFOPLIST_FILE = YES;
				INFOPLIST_KEY_UIApplicationSceneManifest_Generation = YES;
				INFOPLIST_KEY_UIApplicationSupportsIndirectInputEvents = YES;
				INFOPLIST_KEY_UILaunchScreen_Generation = YES;
				INFOPLIST_KEY_UISupportedInterfaceOrientations_iPad = "UIInterfaceOrientationPortrait UIInterfaceOrientationPortraitUpsideDown UIInterfaceOrientationLandscapeLeft UIInterfaceOrientationLandscapeRight";
				INFOPLIST_KEY_UISupportedInterfaceOrientations_iPhone = "UIInterfaceOrientationPortrait UIInterfaceOrientationLandscapeLeft UIInterfaceOrientationLandscapeRight";
				LD_RUNPATH_SEARCH_PATHS = (
					"$(inherited)",
					"@executable_path/Frameworks",
				);
				MARKETING_VERSION = 1.0;
				PRODUCT_BUNDLE_IDENTIFIER = com.tori.CoffeeIntroduction;
				PRODUCT_NAME = "$(TARGET_NAME)";
				SWIFT_EMIT_LOC_STRINGS = YES;
				SWIFT_VERSION = 5.0;
				TARGETED_DEVICE_FAMILY = "1,2";
			};
			name = Debug;
		};
		53A5C90B29F837B40091AF8D /* Release */ = {
			isa = XCBuildConfiguration;
			buildSettings = {
				ASSETCATALOG_COMPILER_APPICON_NAME = AppIcon;
				ASSETCATALOG_COMPILER_GLOBAL_ACCENT_COLOR_NAME = AccentColor;
				CODE_SIGN_STYLE = Automatic;
				CURRENT_PROJECT_VERSION = 1;
				DEVELOPMENT_ASSET_PATHS = "\"CoffeeIntroduction/Preview Content\"";
				DEVELOPMENT_TEAM = 977J65FA28;
				ENABLE_PREVIEWS = YES;
				GENERATE_INFOPLIST_FILE = YES;
				INFOPLIST_KEY_UIApplicationSceneManifest_Generation = YES;
				INFOPLIST_KEY_UIApplicationSupportsIndirectInputEvents = YES;
				INFOPLIST_KEY_UILaunchScreen_Generation = YES;
				INFOPLIST_KEY_UISupportedInterfaceOrientations_iPad = "UIInterfaceOrientationPortrait UIInterfaceOrientationPortraitUpsideDown UIInterfaceOrientationLandscapeLeft UIInterfaceOrientationLandscapeRight";
				INFOPLIST_KEY_UISupportedInterfaceOrientations_iPhone = "UIInterfaceOrientationPortrait UIInterfaceOrientationLandscapeLeft UIInterfaceOrientationLandscapeRight";
				LD_RUNPATH_SEARCH_PATHS = (
					"$(inherited)",
					"@executable_path/Frameworks",
				);
				MARKETING_VERSION = 1.0;
				PRODUCT_BUNDLE_IDENTIFIER = com.tori.CoffeeIntroduction;
				PRODUCT_NAME = "$(TARGET_NAME)";
				SWIFT_EMIT_LOC_STRINGS = YES;
				SWIFT_VERSION = 5.0;
				TARGETED_DEVICE_FAMILY = "1,2";
			};
			name = Release;
		};
/* End XCBuildConfiguration section */

/* Begin XCConfigurationList section */
		53A5C8F629F837B30091AF8D /* Build configuration list for PBXProject "CoffeeIntroduction" */ = {
			isa = XCConfigurationList;
			buildConfigurations = (
				53A5C90729F837B40091AF8D /* Debug */,
				53A5C90829F837B40091AF8D /* Release */,
			);
			defaultConfigurationIsVisible = 0;
			defaultConfigurationName = Release;
		};
		53A5C90929F837B40091AF8D /* Build configuration list for PBXNativeTarget "CoffeeIntroduction" */ = {
			isa = XCConfigurationList;
			buildConfigurations = (
				53A5C90A29F837B40091AF8D /* Debug */,
				53A5C90B29F837B40091AF8D /* Release */,
			);
			defaultConfigurationIsVisible = 0;
			defaultConfigurationName = Release;
		};
/* End XCConfigurationList section */
	};
	rootObject = 53A5C8F329F837B30091AF8D /* Project object */;
}
